
Microsoft Visual Studio Solution File, Format Version 12.00
# Visual Studio Version 16
VisualStudioVersion = 16.0.31410.357
MinimumVisualStudioVersion = 10.0.40219.1
Project("{FAE04EC0-301F-11D3-BF4B-00C04F79EFBC}") = "TestOpsiGo", "TestOpsiGo\TestOpsiGo.csproj", "{00DDC977-A41F-494F-86AB-62B62FAA280E}"
EndProject
Global
	GlobalSection(SolutionConfigurationPlatforms) = preSolution
		Debug|Any CPU = Debug|Any CPU
		Release|Any CPU = Release|Any CPU
	EndGlobalSection
	GlobalSection(ProjectConfigurationPlatforms) = postSolution
		{00DDC977-A41F-494F-86AB-62B62FAA280E}.Debug|Any CPU.ActiveCfg = Debug|Any CPU
		{00DDC977-A41F-494F-86AB-62B62FAA280E}.Debug|Any CPU.Build.0 = Debug|Any CPU
		{00DDC977-A41F-494F-86AB-62B62FAA280E}.Release|Any CPU.ActiveCfg = Release|Any CPU
		{00DDC977-A41F-494F-86AB-62B62FAA280E}.Release|Any CPU.Build.0 = Release|Any CPU
	EndGlobalSection
	GlobalSection(SolutionProperties) = preSolution
		HideSolutionNode = FALSE
	EndGlobalSection
	GlobalSection(ExtensibilityGlobals) = postSolution
		SolutionGuid = {1A84DEC4-DD78-45F5-ADF0-C68CB74732CF}
	EndGlobalSection
EndGlobal
